<?xml version="1.0" encoding="utf-8"?>
<Project ToolsVersion="4.0" xmlns="http://schemas.microsoft.com/developer/msbuild/2003">
  <ItemGroup>
    <Filter Include="Source Files">
      <UniqueIdentifier>{4FC737F1-C7A5-4376-A066-2A32D752A2FF}</UniqueIdentifier>
      <Extensions>cpp;c;cc;cxx;c++;def;odl;idl;hpj;bat;asm;asmx</Extensions>
    </Filter>
    <Filter Include="Header Files">
      <UniqueIdentifier>{93995380-89BD-4b04-88EB-625FBE52EBFB}</UniqueIdentifier>
      <Extensions>h;hh;hpp;hxx;h++;hm;inl;inc;ipp;xsd</Extensions>
    </Filter>
    <Filter Include="Resource Files">
      <UniqueIdentifier>{67DA6AB6-F800-4c08-8B7A-83BB121AAD01}</UniqueIdentifier>
      <Extensions>rc;ico;cur;bmp;dlg;rc2;rct;bin;rgs;gif;jpg;jpeg;jpe;resx;tiff;tif;png;wav;mfcribbon-ms</Extensions>
    </Filter>
  </ItemGroup>
  <ItemGroup>
    <ClInclude Include="Avion.h">
      <Filter>Header Files</Filter>
    </ClInclude>
    <ClInclude Include="Autobuz.h">
      <Filter>Header Files</Filter>
    </ClInclude>
    <ClInclude Include="TestAvion.h">
      <Filter>Header Files</Filter>
    </ClInclude>
    <ClInclude Include="TestAutobuz.h">
      <Filter>Header Files</Filter>
    </ClInclude>
    <ClInclude Include="IEntity.h">
      <Filter>Header Files</Filter>
    </ClInclude>
    <ClInclude Include="IContainer.h">
      <Filter>Header Files</Filter>
    </ClInclude>
    <ClInclude Include="IIterator.h">
      <Filter>Header Files</Filter>
    </ClInclude>
    <ClInclude Include="Array.h">
      <Filter>Header Files</Filter>
    </ClInclude>
    <ClInclude Include="RepoFile.h">
      <Filter>Header Files</Filter>
    </ClInclude>
    <ClInclude Include="TestRepoFile.h">
      <Filter>Header Files</Filter>
    </ClInclude>
    <ClInclude Include="RepoTXT.h">
      <Filter>Header Files</Filter>
    </ClInclude>
    <ClInclude Include="RepoCSV.h">
      <Filter>Header Files</Filter>
    </ClInclude>
    <ClInclude Include="Calatorie.h">
      <Filter>Header Files</Filter>
    </ClInclude>
    <ClInclude Include="MyException.h">
      <Filter>Header Files</Filter>
    </ClInclude>
    <ClInclude Include="Service.h">
      <Filter>Header Files</Filter>
    </ClInclude>
    <ClInclude Include="TestService.h">
      <Filter>Header Files</Filter>
    </ClInclude>
    <ClInclude Include="UI.h">
      <Filter>Header Files</Filter>
    </ClInclude>
    <ClInclude Include="DeleteException1.h">
      <Filter>Header Files</Filter>
    </ClInclude>
    <ClInclude Include="DeleteException2.h">
      <Filter>Header Files</Filter>
    </ClInclude>
    <ClInclude Include="Util.h">
      <Filter>Header Files</Filter>
    </ClInclude>
    <ClInclude Include="User.h">
      <Filter>Header Files</Filter>
    </ClInclude>
    <ClInclude Include="RepoUser.h">
      <Filter>Header Files</Filter>
    </ClInclude>
    <ClInclude Include="ServiceUser.h">
      <Filter>Header Files</Filter>
    </ClInclude>
    <ClInclude Include="ValidationException.h">
      <Filter>Header Files</Filter>
    </ClInclude>
    <ClInclude Include="ValidatorCalatorie.h">
      <Filter>Header Files</Filter>
    </ClInclude>
    <ClInclude Include="ValidatorAvion.h">
      <Filter>Header Files</Filter>
    </ClInclude>
    <ClInclude Include="ValidatorAutobuz.h">
      <Filter>Header Files</Filter>
    </ClInclude>
    <ClInclude Include="TestServiceUser.h">
      <Filter>Header Files</Filter>
    </ClInclude>
  </ItemGroup>
  <ItemGroup>
    <ClCompile Include="Avion.cpp">
      <Filter>Source Files</Filter>
    </ClCompile>
    <ClCompile Include="Autobuz.cpp">
      <Filter>Source Files</Filter>
    </ClCompile>
    <ClCompile Include="TestAvion.cpp">
      <Filter>Source Files</Filter>
    </ClCompile>
    <ClCompile Include="TestAutobuz.cpp">
      <Filter>Source Files</Filter>
    </ClCompile>
    <ClCompile Include="Array.cpp">
      <Filter>Source Files</Filter>
    </ClCompile>
    <ClCompile Include="Main.cpp">
      <Filter>Source Files</Filter>
    </ClCompile>
    <ClCompile Include="RepoFile.cpp">
      <Filter>Source Files</Filter>
    </ClCompile>
    <ClCompile Include="TestRepoFile.cpp">
      <Filter>Source Files</Filter>
    </ClCompile>
    <ClCompile Include="RepoTXT.cpp">
      <Filter>Source Files</Filter>
    </ClCompile>
    <ClCompile Include="RepoCSV.cpp">
      <Filter>Source Files</Filter>
    </ClCompile>
    <ClCompile Include="Calatorie.cpp">
      <Filter>Source Files</Filter>
    </ClCompile>
    <ClCompile Include="Service.cpp">
      <Filter>Source Files</Filter>
    </ClCompile>
    <ClCompile Include="TestService.cpp">
      <Filter>Source Files</Filter>
    </ClCompile>
    <ClCompile Include="UI.cpp">
      <Filter>Source Files</Filter>
    </ClCompile>
    <ClCompile Include="User.cpp">
      <Filter>Source Files</Filter>
    </ClCompile>
    <ClCompile Include="RepoUser.cpp">
      <Filter>Source Files</Filter>
    </ClCompile>
    <ClCompile Include="ServiceUser.cpp">
      <Filter>Source Files</Filter>
    </ClCompile>
    <ClCompile Include="ValidatorCalatorie.cpp">
      <Filter>Source Files</Filter>
    </ClCompile>
    <ClCompile Include="ValidatorAutobuz.cpp">
      <Filter>Source Files</Filter>
    </ClCompile>
    <ClCompile Include="ValidatorAvion.cpp">
      <Filter>Source Files</Filter>
    </ClCompile>
    <ClCompile Include="TestServiceUser.cpp">
      <Filter>Source Files</Filter>
    </ClCompile>
  </ItemGroup>
  <ItemGroup>
    <Text Include="Test.txt">
      <Filter>Resource Files</Filter>
    </Text>
    <Text Include="Calatorii.txt">
      <Filter>Resource Files</Filter>
    </Text>
    <Text Include="User.txt">
      <Filter>Resource Files</Filter>
    </Text>
  </ItemGroup>
  <ItemGroup>
    <None Include="Test.csv">
      <Filter>Resource Files</Filter>
    </None>
    <None Include="fisier-111-2.csv">
      <Filter>Resource Files</Filter>
    </None>
    <None Include="Calatorii.csv">
      <Filter>Resource Files</Filter>
    </None>
    <None Include="User.csv">
      <Filter>Resource Files</Filter>
    </None>
  </ItemGroup>
</Project>